
Microsoft Visual Studio Solution File, Format Version 12.00
# Visual Studio Version 17
VisualStudioVersion = 17.6.33815.320
MinimumVisualStudioVersion = 10.0.40219.1
Project("{FAE04EC0-301F-11D3-BF4B-00C04F79EFBC}") = "CakeBuild", "canjewelry\CakeBuild\CakeBuild.csproj", "{BB4CA8A1-6700-40B4-9DCA-060F3B78FE67}"
EndProject
Project("{FAE04EC0-301F-11D3-BF4B-00C04F79EFBC}") = "canjewelry", "canjewelry\canjewelry\canjewelry.csproj", "{F37A6F60-5AEB-45D2-ADFA-EDCF2B802B92}"
EndProject
Global
	GlobalSection(SolutionConfigurationPlatforms) = preSolution
		Debug|Any CPU = Debug|Any CPU
		Release|Any CPU = Release|Any CPU
	EndGlobalSection
	GlobalSection(ProjectConfigurationPlatforms) = postSolution
		{BB4CA8A1-6700-40B4-9DCA-060F3B78FE67}.Debug|Any CPU.ActiveCfg = Debug|Any CPU
		{BB4CA8A1-6700-40B4-9DCA-060F3B78FE67}.Debug|Any CPU.Build.0 = Debug|Any CPU
		{BB4CA8A1-6700-40B4-9DCA-060F3B78FE67}.Release|Any CPU.ActiveCfg = Release|Any CPU
		{BB4CA8A1-6700-40B4-9DCA-060F3B78FE67}.Release|Any CPU.Build.0 = Release|Any CPU
		{F37A6F60-5AEB-45D2-ADFA-EDCF2B802B92}.Debug|Any CPU.ActiveCfg = Debug|Any CPU
		{F37A6F60-5AEB-45D2-ADFA-EDCF2B802B92}.Debug|Any CPU.Build.0 = Debug|Any CPU
		{F37A6F60-5AEB-45D2-ADFA-EDCF2B802B92}.Release|Any CPU.ActiveCfg = Release|Any CPU
		{F37A6F60-5AEB-45D2-ADFA-EDCF2B802B92}.Release|Any CPU.Build.0 = Release|Any CPU
	EndGlobalSection
	GlobalSection(SolutionProperties) = preSolution
		HideSolutionNode = FALSE
	EndGlobalSection
	GlobalSection(ExtensibilityGlobals) = postSolution
		SolutionGuid = {3BB50DFA-DDD8-40A3-B663-9478B70D07B0}
	EndGlobalSection
EndGlobal
